{
  "name": "use-lerna-repo",
  "version": "1.0.0",
  "lockfileVersion": 2,
  "requires": true,
  "packages": {
    "": {
      "name": "use-lerna-repo",
      "version": "1.0.0",
      "license": "MIT",
      "dependencies": {
        "@alangrn/aloha-world": "^0.0.3",
        "@alangrn/hello-world": "^0.0.3"
      }
    },
    "node_modules/@alangrn/aloha-world": {
      "version": "0.0.3",
      "resolved": "https://registry.npmjs.org/@alangrn/aloha-world/-/aloha-world-0.0.3.tgz",
      "integrity": "sha512-OHkIa+cQScONVa65snzDhR/5OUY5U2K6AVcfmiuRjbQ6sgJ3FBrN8pK4rLxE76l/QDkz8ueNS5t8v4TSnJ2PKA==",
      "license": "ISC"
    },
    "node_modules/@alangrn/hello-world": {
      "version": "0.0.3",
      "resolved": "https://registry.npmjs.org/@alangrn/hello-world/-/hello-world-0.0.3.tgz",
      "integrity": "sha512-Xkp3dxaZOyQ9joZUF+Qys4hj+wAnD4DRcZzijyjuTECIKIamuXzxomta9J4OkoUBtB7WIgjPX1pRa6S+qnsCzw==",
      "license": "ISC"
    }
  },
  "dependencies": {
    "@alangrn/aloha-world": {
      "version": "0.0.3",
      "resolved": "https://registry.npmjs.org/@alangrn/aloha-world/-/aloha-world-0.0.3.tgz",
      "integrity": "sha512-OHkIa+cQScONVa65snzDhR/5OUY5U2K6AVcfmiuRjbQ6sgJ3FBrN8pK4rLxE76l/QDkz8ueNS5t8v4TSnJ2PKA=="
    },
    "@alangrn/hello-world": {
      "version": "0.0.3",
      "resolved": "https://registry.npmjs.org/@alangrn/hello-world/-/hello-world-0.0.3.tgz",
      "integrity": "sha512-Xkp3dxaZOyQ9joZUF+Qys4hj+wAnD4DRcZzijyjuTECIKIamuXzxomta9J4OkoUBtB7WIgjPX1pRa6S+qnsCzw=="
    }
  }
}
