{
  "name": "use-lerna-repo",
  "version": "1.0.0",
  "lockfileVersion": 2,
  "requires": true,
  "packages": {
    "": {
      "name": "use-lerna-repo",
      "version": "1.0.0",
      "license": "MIT",
      "dependencies": {
        "@alangrn/aloha-world": "^0.0.6",
        "@alangrn/hello-world": "^0.0.6"
      }
    },
    "node_modules/@alangrn/aloha-world": {
      "version": "0.0.6",
      "resolved": "https://registry.npmjs.org/@alangrn/aloha-world/-/aloha-world-0.0.6.tgz",
      "integrity": "sha512-DE3aIFDaDMZ6y2+iLEF61seVt/+f6LYFCOS5j7UNP1WxujuVtAz31sEqxFAzvahOj0IVWkRpanclewklRfWA5w=="
    },
    "node_modules/@alangrn/hello-world": {
      "version": "0.0.6",
      "resolved": "https://registry.npmjs.org/@alangrn/hello-world/-/hello-world-0.0.6.tgz",
      "integrity": "sha512-3v5yQeLlRw2YuWKYU98kQhIZN0e1F1ubRnwWJJuanycHkdisEn2gY7ZA9QPynz+2f/Afvk9h8vWt0z0MYyZdVg=="
    }
  },
  "dependencies": {
    "@alangrn/aloha-world": {
      "version": "0.0.6",
      "resolved": "https://registry.npmjs.org/@alangrn/aloha-world/-/aloha-world-0.0.6.tgz",
      "integrity": "sha512-DE3aIFDaDMZ6y2+iLEF61seVt/+f6LYFCOS5j7UNP1WxujuVtAz31sEqxFAzvahOj0IVWkRpanclewklRfWA5w=="
    },
    "@alangrn/hello-world": {
      "version": "0.0.6",
      "resolved": "https://registry.npmjs.org/@alangrn/hello-world/-/hello-world-0.0.6.tgz",
      "integrity": "sha512-3v5yQeLlRw2YuWKYU98kQhIZN0e1F1ubRnwWJJuanycHkdisEn2gY7ZA9QPynz+2f/Afvk9h8vWt0z0MYyZdVg=="
    }
  }
}
