# THIS IS AN AUTOGENERATED FILE. DO NOT EDIT THIS FILE DIRECTLY.
# yarn lockfile v1


"@alangrn/aloha-world@^0.0.6":
  "integrity" "sha512-DE3aIFDaDMZ6y2+iLEF61seVt/+f6LYFCOS5j7UNP1WxujuVtAz31sEqxFAzvahOj0IVWkRpanclewklRfWA5w=="
  "resolved" "https://registry.npmjs.org/@alangrn/aloha-world/-/aloha-world-0.0.6.tgz"
  "version" "0.0.6"

"@alangrn/hello-world@^0.0.6":
  "integrity" "sha512-3v5yQeLlRw2YuWKYU98kQhIZN0e1F1ubRnwWJJuanycHkdisEn2gY7ZA9QPynz+2f/Afvk9h8vWt0z0MYyZdVg=="
  "resolved" "https://registry.npmjs.org/@alangrn/hello-world/-/hello-world-0.0.6.tgz"
  "version" "0.0.6"
