# THIS IS AN AUTOGENERATED FILE. DO NOT EDIT THIS FILE DIRECTLY.
# yarn lockfile v1


"@alangrn/aloha-world@^0.0.3":
  "integrity" "sha512-OHkIa+cQScONVa65snzDhR/5OUY5U2K6AVcfmiuRjbQ6sgJ3FBrN8pK4rLxE76l/QDkz8ueNS5t8v4TSnJ2PKA=="
  "resolved" "https://registry.npmjs.org/@alangrn/aloha-world/-/aloha-world-0.0.3.tgz"
  "version" "0.0.3"

"@alangrn/hello-world@^0.0.3":
  "integrity" "sha512-Xkp3dxaZOyQ9joZUF+Qys4hj+wAnD4DRcZzijyjuTECIKIamuXzxomta9J4OkoUBtB7WIgjPX1pRa6S+qnsCzw=="
  "resolved" "https://registry.npmjs.org/@alangrn/hello-world/-/hello-world-0.0.3.tgz"
  "version" "0.0.3"
